
Microsoft Visual Studio Solution File, Format Version 12.00
# Visual Studio Version 16
VisualStudioVersion = 16.0.30517.126
MinimumVisualStudioVersion = 10.0.40219.1
Project("{9A19103F-16F7-4668-BE54-9A1E7A4F7556}") = "FlesAndObjects", "FlesAndObjects\FlesAndObjects.csproj", "{AA6C93CB-E76B-47EB-8C65-ACCBD2AE1147}"
EndProject
Project("{FAE04EC0-301F-11D3-BF4B-00C04F79EFBC}") = "ShoppingList", "ShoppingList\ShoppingList.csproj", "{A7440A04-CF53-4BD9-9B4B-D253AD9D1A5F}"
EndProject
Project("{FAE04EC0-301F-11D3-BF4B-00C04F79EFBC}") = "ReadTotalFromShoppingList", "ReadTotalFromShoppingList\ReadTotalFromShoppingList.csproj", "{F6BC2AE0-F8E5-4127-949D-3BDE15BED020}"
EndProject
Global
	GlobalSection(SolutionConfigurationPlatforms) = preSolution
		Debug|Any CPU = Debug|Any CPU
		Release|Any CPU = Release|Any CPU
	EndGlobalSection
	GlobalSection(ProjectConfigurationPlatforms) = postSolution
		{AA6C93CB-E76B-47EB-8C65-ACCBD2AE1147}.Debug|Any CPU.ActiveCfg = Debug|Any CPU
		{AA6C93CB-E76B-47EB-8C65-ACCBD2AE1147}.Debug|Any CPU.Build.0 = Debug|Any CPU
		{AA6C93CB-E76B-47EB-8C65-ACCBD2AE1147}.Release|Any CPU.ActiveCfg = Release|Any CPU
		{AA6C93CB-E76B-47EB-8C65-ACCBD2AE1147}.Release|Any CPU.Build.0 = Release|Any CPU
		{A7440A04-CF53-4BD9-9B4B-D253AD9D1A5F}.Debug|Any CPU.ActiveCfg = Debug|Any CPU
		{A7440A04-CF53-4BD9-9B4B-D253AD9D1A5F}.Debug|Any CPU.Build.0 = Debug|Any CPU
		{A7440A04-CF53-4BD9-9B4B-D253AD9D1A5F}.Release|Any CPU.ActiveCfg = Release|Any CPU
		{A7440A04-CF53-4BD9-9B4B-D253AD9D1A5F}.Release|Any CPU.Build.0 = Release|Any CPU
		{F6BC2AE0-F8E5-4127-949D-3BDE15BED020}.Debug|Any CPU.ActiveCfg = Debug|Any CPU
		{F6BC2AE0-F8E5-4127-949D-3BDE15BED020}.Debug|Any CPU.Build.0 = Debug|Any CPU
		{F6BC2AE0-F8E5-4127-949D-3BDE15BED020}.Release|Any CPU.ActiveCfg = Release|Any CPU
		{F6BC2AE0-F8E5-4127-949D-3BDE15BED020}.Release|Any CPU.Build.0 = Release|Any CPU
	EndGlobalSection
	GlobalSection(SolutionProperties) = preSolution
		HideSolutionNode = FALSE
	EndGlobalSection
	GlobalSection(ExtensibilityGlobals) = postSolution
		SolutionGuid = {2F9123A7-B816-42F7-9D48-C33F3CF031D6}
	EndGlobalSection
EndGlobal
